
Microsoft Visual Studio Solution File, Format Version 12.00
# Visual Studio Version 16
VisualStudioVersion = 16.0.29418.71
MinimumVisualStudioVersion = 10.0.40219.1
Project("{FAE04EC0-301F-11D3-BF4B-00C04F79EFBC}") = "GoVrek.Android", "GoVrek.Android\GoVrek.Android.csproj", "{012E9588-48AA-47A7-82BB-7AEDB79EB8C5}"
EndProject
Project("{FAE04EC0-301F-11D3-BF4B-00C04F79EFBC}") = "GoVrek.iOS", "GoVrek.iOS\GoVrek.iOS.csproj", "{7B8134BF-6031-45CA-86F3-B27B861A5632}"
EndProject
Project("{9A19103F-16F7-4668-BE54-9A1E7A4F7556}") = "GoVrek", "GoVrek\GoVrek.csproj", "{7ABAF092-EE25-48E1-912B-1ACEEBAE7444}"
EndProject
Global
	GlobalSection(SolutionConfigurationPlatforms) = preSolution
		Debug|Any CPU = Debug|Any CPU
		Debug|iPhone = Debug|iPhone
		Debug|iPhoneSimulator = Debug|iPhoneSimulator
		Release|Any CPU = Release|Any CPU
		Release|iPhone = Release|iPhone
		Release|iPhoneSimulator = Release|iPhoneSimulator
	EndGlobalSection
	GlobalSection(ProjectConfigurationPlatforms) = postSolution
		{012E9588-48AA-47A7-82BB-7AEDB79EB8C5}.Debug|Any CPU.ActiveCfg = Debug|Any CPU
		{012E9588-48AA-47A7-82BB-7AEDB79EB8C5}.Debug|Any CPU.Build.0 = Debug|Any CPU
		{012E9588-48AA-47A7-82BB-7AEDB79EB8C5}.Debug|Any CPU.Deploy.0 = Debug|Any CPU
		{012E9588-48AA-47A7-82BB-7AEDB79EB8C5}.Debug|iPhone.ActiveCfg = Debug|Any CPU
		{012E9588-48AA-47A7-82BB-7AEDB79EB8C5}.Debug|iPhone.Build.0 = Debug|Any CPU
		{012E9588-48AA-47A7-82BB-7AEDB79EB8C5}.Debug|iPhone.Deploy.0 = Debug|Any CPU
		{012E9588-48AA-47A7-82BB-7AEDB79EB8C5}.Debug|iPhoneSimulator.ActiveCfg = Debug|Any CPU
		{012E9588-48AA-47A7-82BB-7AEDB79EB8C5}.Debug|iPhoneSimulator.Build.0 = Debug|Any CPU
		{012E9588-48AA-47A7-82BB-7AEDB79EB8C5}.Debug|iPhoneSimulator.Deploy.0 = Debug|Any CPU
		{012E9588-48AA-47A7-82BB-7AEDB79EB8C5}.Release|Any CPU.ActiveCfg = Release|Any CPU
		{012E9588-48AA-47A7-82BB-7AEDB79EB8C5}.Release|Any CPU.Build.0 = Release|Any CPU
		{012E9588-48AA-47A7-82BB-7AEDB79EB8C5}.Release|Any CPU.Deploy.0 = Release|Any CPU
		{012E9588-48AA-47A7-82BB-7AEDB79EB8C5}.Release|iPhone.ActiveCfg = Release|Any CPU
		{012E9588-48AA-47A7-82BB-7AEDB79EB8C5}.Release|iPhone.Build.0 = Release|Any CPU
		{012E9588-48AA-47A7-82BB-7AEDB79EB8C5}.Release|iPhone.Deploy.0 = Release|Any CPU
		{012E9588-48AA-47A7-82BB-7AEDB79EB8C5}.Release|iPhoneSimulator.ActiveCfg = Release|Any CPU
		{012E9588-48AA-47A7-82BB-7AEDB79EB8C5}.Release|iPhoneSimulator.Build.0 = Release|Any CPU
		{012E9588-48AA-47A7-82BB-7AEDB79EB8C5}.Release|iPhoneSimulator.Deploy.0 = Release|Any CPU
		{7B8134BF-6031-45CA-86F3-B27B861A5632}.Debug|Any CPU.ActiveCfg = Debug|iPhoneSimulator
		{7B8134BF-6031-45CA-86F3-B27B861A5632}.Debug|Any CPU.Build.0 = Debug|iPhoneSimulator
		{7B8134BF-6031-45CA-86F3-B27B861A5632}.Debug|Any CPU.Deploy.0 = Debug|iPhoneSimulator
		{7B8134BF-6031-45CA-86F3-B27B861A5632}.Debug|iPhone.ActiveCfg = Debug|iPhone
		{7B8134BF-6031-45CA-86F3-B27B861A5632}.Debug|iPhone.Build.0 = Debug|iPhone
		{7B8134BF-6031-45CA-86F3-B27B861A5632}.Debug|iPhone.Deploy.0 = Debug|iPhone
		{7B8134BF-6031-45CA-86F3-B27B861A5632}.Debug|iPhoneSimulator.ActiveCfg = Debug|iPhoneSimulator
		{7B8134BF-6031-45CA-86F3-B27B861A5632}.Debug|iPhoneSimulator.Build.0 = Debug|iPhoneSimulator
		{7B8134BF-6031-45CA-86F3-B27B861A5632}.Debug|iPhoneSimulator.Deploy.0 = Debug|iPhoneSimulator
		{7B8134BF-6031-45CA-86F3-B27B861A5632}.Release|Any CPU.ActiveCfg = Release|iPhone
		{7B8134BF-6031-45CA-86F3-B27B861A5632}.Release|Any CPU.Build.0 = Release|iPhone
		{7B8134BF-6031-45CA-86F3-B27B861A5632}.Release|Any CPU.Deploy.0 = Release|iPhone
		{7B8134BF-6031-45CA-86F3-B27B861A5632}.Release|iPhone.ActiveCfg = Release|iPhone
		{7B8134BF-6031-45CA-86F3-B27B861A5632}.Release|iPhone.Build.0 = Release|iPhone
		{7B8134BF-6031-45CA-86F3-B27B861A5632}.Release|iPhone.Deploy.0 = Release|iPhone
		{7B8134BF-6031-45CA-86F3-B27B861A5632}.Release|iPhoneSimulator.ActiveCfg = Release|iPhoneSimulator
		{7B8134BF-6031-45CA-86F3-B27B861A5632}.Release|iPhoneSimulator.Build.0 = Release|iPhoneSimulator
		{7B8134BF-6031-45CA-86F3-B27B861A5632}.Release|iPhoneSimulator.Deploy.0 = Release|iPhoneSimulator
		{7ABAF092-EE25-48E1-912B-1ACEEBAE7444}.Debug|Any CPU.ActiveCfg = Debug|Any CPU
		{7ABAF092-EE25-48E1-912B-1ACEEBAE7444}.Debug|Any CPU.Build.0 = Debug|Any CPU
		{7ABAF092-EE25-48E1-912B-1ACEEBAE7444}.Debug|Any CPU.Deploy.0 = Debug|Any CPU
		{7ABAF092-EE25-48E1-912B-1ACEEBAE7444}.Debug|iPhone.ActiveCfg = Debug|Any CPU
		{7ABAF092-EE25-48E1-912B-1ACEEBAE7444}.Debug|iPhone.Build.0 = Debug|Any CPU
		{7ABAF092-EE25-48E1-912B-1ACEEBAE7444}.Debug|iPhone.Deploy.0 = Debug|Any CPU
		{7ABAF092-EE25-48E1-912B-1ACEEBAE7444}.Debug|iPhoneSimulator.ActiveCfg = Debug|Any CPU
		{7ABAF092-EE25-48E1-912B-1ACEEBAE7444}.Debug|iPhoneSimulator.Build.0 = Debug|Any CPU
		{7ABAF092-EE25-48E1-912B-1ACEEBAE7444}.Debug|iPhoneSimulator.Deploy.0 = Debug|Any CPU
		{7ABAF092-EE25-48E1-912B-1ACEEBAE7444}.Release|Any CPU.ActiveCfg = Release|Any CPU
		{7ABAF092-EE25-48E1-912B-1ACEEBAE7444}.Release|Any CPU.Build.0 = Release|Any CPU
		{7ABAF092-EE25-48E1-912B-1ACEEBAE7444}.Release|Any CPU.Deploy.0 = Release|Any CPU
		{7ABAF092-EE25-48E1-912B-1ACEEBAE7444}.Release|iPhone.ActiveCfg = Release|Any CPU
		{7ABAF092-EE25-48E1-912B-1ACEEBAE7444}.Release|iPhone.Build.0 = Release|Any CPU
		{7ABAF092-EE25-48E1-912B-1ACEEBAE7444}.Release|iPhone.Deploy.0 = Release|Any CPU
		{7ABAF092-EE25-48E1-912B-1ACEEBAE7444}.Release|iPhoneSimulator.ActiveCfg = Release|Any CPU
		{7ABAF092-EE25-48E1-912B-1ACEEBAE7444}.Release|iPhoneSimulator.Build.0 = Release|Any CPU
		{7ABAF092-EE25-48E1-912B-1ACEEBAE7444}.Release|iPhoneSimulator.Deploy.0 = Release|Any CPU
	EndGlobalSection
	GlobalSection(SolutionProperties) = preSolution
		HideSolutionNode = FALSE
	EndGlobalSection
	GlobalSection(ExtensibilityGlobals) = postSolution
		SolutionGuid = {29FCDE25-CF7E-4310-B3E8-E589838BDC09}
	EndGlobalSection
EndGlobal
